
Microsoft Visual Studio Solution File, Format Version 12.00
# Visual Studio Version 17
VisualStudioVersion = 17.14.36717.8 d17.14
MinimumVisualStudioVersion = 10.0.40219.1
Project("{8BC9CEB8-8B4A-11D0-8D11-00A0C91BC942}") = "number58", "number58\number58.vcxproj", "{639B4A21-BD97-4C66-9F54-8BEC736F441D}"
EndProject
Global
	GlobalSection(SolutionConfigurationPlatforms) = preSolution
		Debug|x64 = Debug|x64
		Debug|x86 = Debug|x86
		Release|x64 = Release|x64
		Release|x86 = Release|x86
	EndGlobalSection
	GlobalSection(ProjectConfigurationPlatforms) = postSolution
		{639B4A21-BD97-4C66-9F54-8BEC736F441D}.Debug|x64.ActiveCfg = Debug|x64
		{639B4A21-BD97-4C66-9F54-8BEC736F441D}.Debug|x64.Build.0 = Debug|x64
		{639B4A21-BD97-4C66-9F54-8BEC736F441D}.Debug|x86.ActiveCfg = Debug|Win32
		{639B4A21-BD97-4C66-9F54-8BEC736F441D}.Debug|x86.Build.0 = Debug|Win32
		{639B4A21-BD97-4C66-9F54-8BEC736F441D}.Release|x64.ActiveCfg = Release|x64
		{639B4A21-BD97-4C66-9F54-8BEC736F441D}.Release|x64.Build.0 = Release|x64
		{639B4A21-BD97-4C66-9F54-8BEC736F441D}.Release|x86.ActiveCfg = Release|Win32
		{639B4A21-BD97-4C66-9F54-8BEC736F441D}.Release|x86.Build.0 = Release|Win32
	EndGlobalSection
	GlobalSection(SolutionProperties) = preSolution
		HideSolutionNode = FALSE
	EndGlobalSection
	GlobalSection(ExtensibilityGlobals) = postSolution
		SolutionGuid = {06A15097-18D1-4C7E-8A24-7C544D379B85}
	EndGlobalSection
EndGlobal
