
Microsoft Visual Studio Solution File, Format Version 12.00
# Visual Studio Version 17
VisualStudioVersion = 17.14.36518.9
MinimumVisualStudioVersion = 10.0.40219.1
Project("{8BC9CEB8-8B4A-11D0-8D11-00A0C91BC942}") = "number9", "number9\number9.vcxproj", "{93EC5E97-6B1B-4624-8B52-DCF594F8C066}"
EndProject
Project("{8BC9CEB8-8B4A-11D0-8D11-00A0C91BC942}") = "modelanswer", "modelanswer\modelanswer.vcxproj", "{23BB687E-014E-43CC-BD92-BA49423F52E2}"
EndProject
Global
	GlobalSection(SolutionConfigurationPlatforms) = preSolution
		Debug|x64 = Debug|x64
		Debug|x86 = Debug|x86
		Release|x64 = Release|x64
		Release|x86 = Release|x86
	EndGlobalSection
	GlobalSection(ProjectConfigurationPlatforms) = postSolution
		{93EC5E97-6B1B-4624-8B52-DCF594F8C066}.Debug|x64.ActiveCfg = Debug|x64
		{93EC5E97-6B1B-4624-8B52-DCF594F8C066}.Debug|x64.Build.0 = Debug|x64
		{93EC5E97-6B1B-4624-8B52-DCF594F8C066}.Debug|x86.ActiveCfg = Debug|Win32
		{93EC5E97-6B1B-4624-8B52-DCF594F8C066}.Debug|x86.Build.0 = Debug|Win32
		{93EC5E97-6B1B-4624-8B52-DCF594F8C066}.Release|x64.ActiveCfg = Release|x64
		{93EC5E97-6B1B-4624-8B52-DCF594F8C066}.Release|x64.Build.0 = Release|x64
		{93EC5E97-6B1B-4624-8B52-DCF594F8C066}.Release|x86.ActiveCfg = Release|Win32
		{93EC5E97-6B1B-4624-8B52-DCF594F8C066}.Release|x86.Build.0 = Release|Win32
		{23BB687E-014E-43CC-BD92-BA49423F52E2}.Debug|x64.ActiveCfg = Debug|x64
		{23BB687E-014E-43CC-BD92-BA49423F52E2}.Debug|x64.Build.0 = Debug|x64
		{23BB687E-014E-43CC-BD92-BA49423F52E2}.Debug|x86.ActiveCfg = Debug|Win32
		{23BB687E-014E-43CC-BD92-BA49423F52E2}.Debug|x86.Build.0 = Debug|Win32
		{23BB687E-014E-43CC-BD92-BA49423F52E2}.Release|x64.ActiveCfg = Release|x64
		{23BB687E-014E-43CC-BD92-BA49423F52E2}.Release|x64.Build.0 = Release|x64
		{23BB687E-014E-43CC-BD92-BA49423F52E2}.Release|x86.ActiveCfg = Release|Win32
		{23BB687E-014E-43CC-BD92-BA49423F52E2}.Release|x86.Build.0 = Release|Win32
	EndGlobalSection
	GlobalSection(SolutionProperties) = preSolution
		HideSolutionNode = FALSE
	EndGlobalSection
	GlobalSection(ExtensibilityGlobals) = postSolution
		SolutionGuid = {D6A0588C-04E6-4C03-9E3A-7EE585570E72}
	EndGlobalSection
EndGlobal
