
Microsoft Visual Studio Solution File, Format Version 12.00
# Visual Studio Version 17
VisualStudioVersion = 17.14.36717.8 d17.14
MinimumVisualStudioVersion = 10.0.40219.1
Project("{8BC9CEB8-8B4A-11D0-8D11-00A0C91BC942}") = "number63", "number63\number63.vcxproj", "{D1ED12FE-1EEC-4B5C-BCAA-AFAD64BAE990}"
EndProject
Global
	GlobalSection(SolutionConfigurationPlatforms) = preSolution
		Debug|x64 = Debug|x64
		Debug|x86 = Debug|x86
		Release|x64 = Release|x64
		Release|x86 = Release|x86
	EndGlobalSection
	GlobalSection(ProjectConfigurationPlatforms) = postSolution
		{D1ED12FE-1EEC-4B5C-BCAA-AFAD64BAE990}.Debug|x64.ActiveCfg = Debug|x64
		{D1ED12FE-1EEC-4B5C-BCAA-AFAD64BAE990}.Debug|x64.Build.0 = Debug|x64
		{D1ED12FE-1EEC-4B5C-BCAA-AFAD64BAE990}.Debug|x86.ActiveCfg = Debug|Win32
		{D1ED12FE-1EEC-4B5C-BCAA-AFAD64BAE990}.Debug|x86.Build.0 = Debug|Win32
		{D1ED12FE-1EEC-4B5C-BCAA-AFAD64BAE990}.Release|x64.ActiveCfg = Release|x64
		{D1ED12FE-1EEC-4B5C-BCAA-AFAD64BAE990}.Release|x64.Build.0 = Release|x64
		{D1ED12FE-1EEC-4B5C-BCAA-AFAD64BAE990}.Release|x86.ActiveCfg = Release|Win32
		{D1ED12FE-1EEC-4B5C-BCAA-AFAD64BAE990}.Release|x86.Build.0 = Release|Win32
	EndGlobalSection
	GlobalSection(SolutionProperties) = preSolution
		HideSolutionNode = FALSE
	EndGlobalSection
	GlobalSection(ExtensibilityGlobals) = postSolution
		SolutionGuid = {7AA8EED0-D6BE-4AA4-A28F-728E7FAF1975}
	EndGlobalSection
EndGlobal
